
Microsoft Visual Studio Solution File, Format Version 12.00
# Visual Studio 2013
VisualStudioVersion = 12.0.21005.1
MinimumVisualStudioVersion = 10.0.40219.1
Project("{FAE04EC0-301F-11D3-BF4B-00C04F79EFBC}") = "Task5-Asg1", "Task5-Asg1\Task5-Asg1.csproj", "{EEB81B5A-C9F9-426A-AE01-B7D17F2B8A37}"
EndProject
Global
	GlobalSection(SolutionConfigurationPlatforms) = preSolution
		Debug|Any CPU = Debug|Any CPU
		Release|Any CPU = Release|Any CPU
	EndGlobalSection
	GlobalSection(ProjectConfigurationPlatforms) = postSolution
		{EEB81B5A-C9F9-426A-AE01-B7D17F2B8A37}.Debug|Any CPU.ActiveCfg = Debug|Any CPU
		{EEB81B5A-C9F9-426A-AE01-B7D17F2B8A37}.Debug|Any CPU.Build.0 = Debug|Any CPU
		{EEB81B5A-C9F9-426A-AE01-B7D17F2B8A37}.Release|Any CPU.ActiveCfg = Release|Any CPU
		{EEB81B5A-C9F9-426A-AE01-B7D17F2B8A37}.Release|Any CPU.Build.0 = Release|Any CPU
	EndGlobalSection
	GlobalSection(SolutionProperties) = preSolution
		HideSolutionNode = FALSE
	EndGlobalSection
EndGlobal
